Microsoft Visual Studio Solution File, Format Version 11.00
# Visual Studio 2008

Project("{1D73453A-D857-BFF9-64E7-14570217D072}") = "Lone Knight", "Assembly-CSharp-firstpass.csproj", "{D5A33309-2230-35F3-EB4A-6BE55EE0F57A}"
EndProject
Project("{1D73453A-D857-BFF9-64E7-14570217D072}") = "Lone Knight", "Assembly-CSharp.csproj", "{75001C7D-5F5A-6C7B-7A28-F18366FF5805}"
EndProject
Project("{1D73453A-D857-BFF9-64E7-14570217D072}") = "Lone Knight", "Assembly-CSharp-Editor.csproj", "{7E988796-42EE-07B3-8BE2-921C94C5B2CE}"
EndProject
Global
	GlobalSection(SolutionConfigurationPlatforms) = preSolution
		Debug|Any CPU = Debug|Any CPU
		Release|Any CPU = Release|Any CPU
	EndGlobalSection
	GlobalSection(ProjectConfigurationPlatforms) = postSolution
		{D5A33309-2230-35F3-EB4A-6BE55EE0F57A}.Debug|Any CPU.ActiveCfg = Debug|Any CPU
		{D5A33309-2230-35F3-EB4A-6BE55EE0F57A}.Debug|Any CPU.Build.0 = Debug|Any CPU
		{D5A33309-2230-35F3-EB4A-6BE55EE0F57A}.Release|Any CPU.ActiveCfg = Release|Any CPU
		{D5A33309-2230-35F3-EB4A-6BE55EE0F57A}.Release|Any CPU.Build.0 = Release|Any CPU
		{75001C7D-5F5A-6C7B-7A28-F18366FF5805}.Debug|Any CPU.ActiveCfg = Debug|Any CPU
		{75001C7D-5F5A-6C7B-7A28-F18366FF5805}.Debug|Any CPU.Build.0 = Debug|Any CPU
		{75001C7D-5F5A-6C7B-7A28-F18366FF5805}.Release|Any CPU.ActiveCfg = Release|Any CPU
		{75001C7D-5F5A-6C7B-7A28-F18366FF5805}.Release|Any CPU.Build.0 = Release|Any CPU
		{7E988796-42EE-07B3-8BE2-921C94C5B2CE}.Debug|Any CPU.ActiveCfg = Debug|Any CPU
		{7E988796-42EE-07B3-8BE2-921C94C5B2CE}.Debug|Any CPU.Build.0 = Debug|Any CPU
		{7E988796-42EE-07B3-8BE2-921C94C5B2CE}.Release|Any CPU.ActiveCfg = Release|Any CPU
		{7E988796-42EE-07B3-8BE2-921C94C5B2CE}.Release|Any CPU.Build.0 = Release|Any CPU
	EndGlobalSection
	GlobalSection(SolutionProperties) = preSolution
		HideSolutionNode = FALSE
	EndGlobalSection
																																																																																																	GlobalSection(MonoDevelopProperties) = preSolution
		StartupItem = Assembly-CSharp.csproj
		Policies = $0
		$0.TextStylePolicy = $1
		$1.inheritsSet = null
		$1.scope = text/x-csharp
		$0.CSharpFormattingPolicy = $2
		$2.inheritsSet = Mono
		$2.inheritsScope = text/x-csharp
		$2.scope = text/x-csharp
		$0.TextStylePolicy = $3
		$3.FileWidth = 120
		$3.TabWidth = 4
		$3.EolMarker = Unix
		$3.inheritsSet = Mono
		$3.inheritsScope = text/plain
		$3.scope = text/plain
	EndGlobalSection

EndGlobal
